dependencies:
  atanisoft/esp_lcd_ili9488:
    component_hash: 828cc2277e57298c2d35f5179d746aa6771f539c4c6d5663920505d52ddbe3a0
    source:
      service_url: https://api.components.espressif.com/
      type: service
    version: 1.0.9
  espressif/esp_lcd_touch:
    component_hash: d4d8f2dc33205797169a97a02e0d89a8982f59fe0509129b54422052b8522f59
    source:
      service_url: https://api.components.espressif.com/
      type: service
    version: 1.1.1
  espressif/esp_lcd_touch_gt911:
    component_hash: 20ac25d1439dbe177764dbed9cd868388fecb052380b5349f2e9e370013ca76a
    source:
      service_url: https://api.components.espressif.com/
      type: service
    version: 1.1.0
  idf:
    component_hash: null
    source:
      type: idf
    version: 5.1.1
  lvgl/lvgl:
    component_hash: da37debfb77b23833a71be7edcb36af7176d2b1d4896f5caa015fd912beb02d1
    source:
      service_url: https://api.components.espressif.com/
      type: service
    version: 9.0.0
manifest_hash: d3c43be95bdcffba9f45f8fe886a8bb992c055a306946ff3b99bef18bcb745c6
target: esp32s2
version: 1.0.0
