dependencies:
  atanisoft/esp_lcd_ili9488:
    component_hash: 828cc2277e57298c2d35f5179d746aa6771f539c4c6d5663920505d52ddbe3a0
    source:
      service_url: https://api.components.espressif.com/
      type: service
    version: 1.0.9
  espressif/esp_lcd_touch:
    component_hash: 779b4ba2464a3ae85681e4b860caa5fdc35801458c23f3039ee761bae7f442a4
    source:
      service_url: https://api.components.espressif.com/
      type: service
    version: 1.1.2
  espressif/esp_lcd_touch_gt911:
    component_hash: 664c544533b91497f29b41e045bb4374a0d4d002f9d8c67c7c1bf43fb4179e3f
    source:
      service_url: https://api.components.espressif.com/
      type: service
    version: 1.1.1
  idf:
    component_hash: null
    source:
      type: idf
    version: 5.1.1
manifest_hash: f8001f477ca9bd17bc828de25396bb9091f6c6285abf86c115dd7ea64ae8149b
target: esp32s2
version: 1.0.0
